// !$*UTF8*$!
{
	archiveVersion = 1;
	classes = {
	};
	objectVersion = 56;
	objects = {

/* Begin PBXBuildFile section */
		83B6C31E29FE0AD7006F326B /* LearnaApp.swift in Sources */ = {isa = PBXBuildFile; fileRef = 83B6C31D29FE0AD7006F326B /* LearnaApp.swift */; };
		83B6C32029FE0AD7006F326B /* HomeView.swift in Sources */ = {isa = PBXBuildFile; fileRef = 83B6C31F29FE0AD7006F326B /* HomeView.swift */; };
		83B6C32229FE0AD9006F326B /* Assets.xcassets in Resources */ = {isa = PBXBuildFile; fileRef = 83B6C32129FE0AD9006F326B /* Assets.xcassets */; };
		83B6C32529FE0AD9006F326B /* Preview Assets.xcassets in Resources */ = {isa = PBXBuildFile; fileRef = 83B6C32429FE0AD9006F326B /* Preview Assets.xcassets */; };
		83B6C33229FE0B59006F326B /* ContentViewModel.swift in Sources */ = {isa = PBXBuildFile; fileRef = 83B6C33129FE0B59006F326B /* ContentViewModel.swift */; };
		83B6C33529FE10CA006F326B /* style.html in Resources */ = {isa = PBXBuildFile; fileRef = 83B6C33329FE10C9006F326B /* style.html */; };
		83B6C33629FE10CA006F326B /* data.json in Resources */ = {isa = PBXBuildFile; fileRef = 83B6C33429FE10CA006F326B /* data.json */; };
		83B6C33B29FE16B1006F326B /* Models.swift in Sources */ = {isa = PBXBuildFile; fileRef = 83B6C33A29FE16B1006F326B /* Models.swift */; };
		83BBEE682A01D150005C21D6 /* HomeViewRow.swift in Sources */ = {isa = PBXBuildFile; fileRef = 83BBEE672A01D150005C21D6 /* HomeViewRow.swift */; };
		83BBEE6A2A02D038005C21D6 /* ContentView.swift in Sources */ = {isa = PBXBuildFile; fileRef = 83BBEE692A02D038005C21D6 /* ContentView.swift */; };
		83BBEE6C2A02D823005C21D6 /* ContentViewRow.swift in Sources */ = {isa = PBXBuildFile; fileRef = 83BBEE6B2A02D823005C21D6 /* ContentViewRow.swift */; };
/* End PBXBuildFile section */

/* Begin PBXFileReference section */
		83B6C31A29FE0AD7006F326B /* Learna.app */ = {isa = PBXFileReference; explicitFileType = wrapper.application; includeInIndex = 0; path = Learna.app; sourceTree = BUILT_PRODUCTS_DIR; };
		83B6C31D29FE0AD7006F326B /* LearnaApp.swift */ = {isa = PBXFileReference; lastKnownFileType = sourcecode.swift; path = LearnaApp.swift; sourceTree = "<group>"; };
		83B6C31F29FE0AD7006F326B /* HomeView.swift */ = {isa = PBXFileReference; lastKnownFileType = sourcecode.swift; path = HomeView.swift; sourceTree = "<group>"; };
		83B6C32129FE0AD9006F326B /* Assets.xcassets */ = {isa = PBXFileReference; lastKnownFileType = folder.assetcatalog; path = Assets.xcassets; sourceTree = "<group>"; };
		83B6C32429FE0AD9006F326B /* Preview Assets.xcassets */ = {isa = PBXFileReference; lastKnownFileType = folder.assetcatalog; path = "Preview Assets.xcassets"; sourceTree = "<group>"; };
		83B6C33129FE0B59006F326B /* ContentViewModel.swift */ = {isa = PBXFileReference; lastKnownFileType = sourcecode.swift; path = ContentViewModel.swift; sourceTree = "<group>"; };
		83B6C33329FE10C9006F326B /* style.html */ = {isa = PBXFileReference; fileEncoding = 4; lastKnownFileType = text.html; path = style.html; sourceTree = "<group>"; };
		83B6C33429FE10CA006F326B /* data.json */ = {isa = PBXFileReference; fileEncoding = 4; lastKnownFileType = text.json; path = data.json; sourceTree = "<group>"; };
		83B6C33A29FE16B1006F326B /* Models.swift */ = {isa = PBXFileReference; lastKnownFileType = sourcecode.swift; path = Models.swift; sourceTree = "<group>"; };
		83BBEE672A01D150005C21D6 /* HomeViewRow.swift */ = {isa = PBXFileReference; lastKnownFileType = sourcecode.swift; path = HomeViewRow.swift; sourceTree = "<group>"; };
		83BBEE692A02D038005C21D6 /* ContentView.swift */ = {isa = PBXFileReference; lastKnownFileType = sourcecode.swift; path = ContentView.swift; sourceTree = "<group>"; };
		83BBEE6B2A02D823005C21D6 /* ContentViewRow.swift */ = {isa = PBXFileReference; lastKnownFileType = sourcecode.swift; path = ContentViewRow.swift; sourceTree = "<group>"; };
/* End PBXFileReference section */

/* Begin PBXFrameworksBuildPhase section */
		83B6C31729FE0AD7006F326B /* Frameworks */ = {
			isa = PBXFrameworksBuildPhase;
			buildActionMask = 2147483647;
			files = (
			);
			runOnlyForDeploymentPostprocessing = 0;
		};
/* End PBXFrameworksBuildPhase section */

/* Begin PBXGroup section */
		83B6C31129FE0AD7006F326B = {
			isa = PBXGroup;
			children = (
				83B6C31C29FE0AD7006F326B /* Learna */,
				83B6C31B29FE0AD7006F326B /* Products */,
			);
			sourceTree = "<group>";
		};
		83B6C31B29FE0AD7006F326B /* Products */ = {
			isa = PBXGroup;
			children = (
				83B6C31A29FE0AD7006F326B /* Learna.app */,
			);
			name = Products;
			sourceTree = "<group>";
		};
		83B6C31C29FE0AD7006F326B /* Learna */ = {
			isa = PBXGroup;
			children = (
				83B6C31D29FE0AD7006F326B /* LearnaApp.swift */,
				83B6C33029FE0B28006F326B /* Utilities */,
				83B6C32F29FE0B20006F326B /* Services */,
				83B6C32E29FE0B16006F326B /* Data */,
				83B6C32D29FE0B0F006F326B /* Views */,
				83B6C32C29FE0B06006F326B /* ViewModel */,
				83B6C33729FE1628006F326B /* Models */,
				83B6C32129FE0AD9006F326B /* Assets.xcassets */,
				83B6C32329FE0AD9006F326B /* Preview Content */,
			);
			path = Learna;
			sourceTree = "<group>";
		};
		83B6C32329FE0AD9006F326B /* Preview Content */ = {
			isa = PBXGroup;
			children = (
				83B6C32429FE0AD9006F326B /* Preview Assets.xcassets */,
			);
			path = "Preview Content";
			sourceTree = "<group>";
		};
		83B6C32C29FE0B06006F326B /* ViewModel */ = {
			isa = PBXGroup;
			children = (
				83B6C33129FE0B59006F326B /* ContentViewModel.swift */,
			);
			path = ViewModel;
			sourceTree = "<group>";
		};
		83B6C32D29FE0B0F006F326B /* Views */ = {
			isa = PBXGroup;
			children = (
				83B6C31F29FE0AD7006F326B /* HomeView.swift */,
				83BBEE672A01D150005C21D6 /* HomeViewRow.swift */,
				83BBEE692A02D038005C21D6 /* ContentView.swift */,
				83BBEE6B2A02D823005C21D6 /* ContentViewRow.swift */,
			);
			path = Views;
			sourceTree = "<group>";
		};
		83B6C32E29FE0B16006F326B /* Data */ = {
			isa = PBXGroup;
			children = (
				83B6C33429FE10CA006F326B /* data.json */,
				83B6C33329FE10C9006F326B /* style.html */,
			);
			path = Data;
			sourceTree = "<group>";
		};
		83B6C32F29FE0B20006F326B /* Services */ = {
			isa = PBXGroup;
			children = (
			);
			path = Services;
			sourceTree = "<group>";
		};
		83B6C33029FE0B28006F326B /* Utilities */ = {
			isa = PBXGroup;
			children = (
			);
			path = Utilities;
			sourceTree = "<group>";
		};
		83B6C33729FE1628006F326B /* Models */ = {
			isa = PBXGroup;
			children = (
				83B6C33A29FE16B1006F326B /* Models.swift */,
			);
			path = Models;
			sourceTree = "<group>";
		};
/* End PBXGroup section */

/* Begin PBXNativeTarget section */
		83B6C31929FE0AD7006F326B /* Learna */ = {
			isa = PBXNativeTarget;
			buildConfigurationList = 83B6C32829FE0AD9006F326B /* Build configuration list for PBXNativeTarget "Learna" */;
			buildPhases = (
				83B6C31629FE0AD7006F326B /* Sources */,
				83B6C31729FE0AD7006F326B /* Frameworks */,
				83B6C31829FE0AD7006F326B /* Resources */,
			);
			buildRules = (
			);
			dependencies = (
			);
			name = Learna;
			productName = Learna;
			productReference = 83B6C31A29FE0AD7006F326B /* Learna.app */;
			productType = "com.apple.product-type.application";
		};
/* End PBXNativeTarget section */

/* Begin PBXProject section */
		83B6C31229FE0AD7006F326B /* Project object */ = {
			isa = PBXProject;
			attributes = {
				BuildIndependentTargetsInParallel = 1;
				LastSwiftUpdateCheck = 1420;
				LastUpgradeCheck = 1420;
				TargetAttributes = {
					83B6C31929FE0AD7006F326B = {
						CreatedOnToolsVersion = 14.2;
					};
				};
			};
			buildConfigurationList = 83B6C31529FE0AD7006F326B /* Build configuration list for PBXProject "Learna" */;
			compatibilityVersion = "Xcode 14.0";
			developmentRegion = en;
			hasScannedForEncodings = 0;
			knownRegions = (
				en,
				Base,
			);
			mainGroup = 83B6C31129FE0AD7006F326B;
			productRefGroup = 83B6C31B29FE0AD7006F326B /* Products */;
			projectDirPath = "";
			projectRoot = "";
			targets = (
				83B6C31929FE0AD7006F326B /* Learna */,
			);
		};
/* End PBXProject section */

/* Begin PBXResourcesBuildPhase section */
		83B6C31829FE0AD7006F326B /* Resources */ = {
			isa = PBXResourcesBuildPhase;
			buildActionMask = 2147483647;
			files = (
				83B6C33529FE10CA006F326B /* style.html in Resources */,
				83B6C32529FE0AD9006F326B /* Preview Assets.xcassets in Resources */,
				83B6C32229FE0AD9006F326B /* Assets.xcassets in Resources */,
				83B6C33629FE10CA006F326B /* data.json in Resources */,
			);
			runOnlyForDeploymentPostprocessing = 0;
		};
/* End PBXResourcesBuildPhase section */

/* Begin PBXSourcesBuildPhase section */
		83B6C31629FE0AD7006F326B /* Sources */ = {
			isa = PBXSourcesBuildPhase;
			buildActionMask = 2147483647;
			files = (
				83B6C32029FE0AD7006F326B /* HomeView.swift in Sources */,
				83BBEE682A01D150005C21D6 /* HomeViewRow.swift in Sources */,
				83BBEE6A2A02D038005C21D6 /* ContentView.swift in Sources */,
				83B6C31E29FE0AD7006F326B /* LearnaApp.swift in Sources */,
				83BBEE6C2A02D823005C21D6 /* ContentViewRow.swift in Sources */,
				83B6C33229FE0B59006F326B /* ContentViewModel.swift in Sources */,
				83B6C33B29FE16B1006F326B /* Models.swift in Sources */,
			);
			runOnlyForDeploymentPostprocessing = 0;
		};
/* End PBXSourcesBuildPhase section */

/* Begin XCBuildConfiguration section */
		83B6C32629FE0AD9006F326B /* Debug */ = {
			isa = XCBuildConfiguration;
			buildSettings = {
				ALWAYS_SEARCH_USER_PATHS = NO;
				CLANG_ANALYZER_NONNULL = YES;
				CLANG_ANALYZER_NUMBER_OBJECT_CONVERSION = YES_AGGRESSIVE;
				CLANG_CXX_LANGUAGE_STANDARD = "gnu++20";
				CLANG_ENABLE_MODULES = YES;
				CLANG_ENABLE_OBJC_ARC = YES;
				CLANG_ENABLE_OBJC_WEAK = YES;
				CLANG_WARN_BLOCK_CAPTURE_AUTORELEASING = YES;
				CLANG_WARN_BOOL_CONVERSION = YES;
				CLANG_WARN_COMMA = YES;
				CLANG_WARN_CONSTANT_CONVERSION = YES;
				CLANG_WARN_DEPRECATED_OBJC_IMPLEMENTATIONS = YES;
				CLANG_WARN_DIRECT_OBJC_ISA_USAGE = YES_ERROR;
				CLANG_WARN_DOCUMENTATION_COMMENTS = YES;
				CLANG_WARN_EMPTY_BODY = YES;
				CLANG_WARN_ENUM_CONVERSION = YES;
				CLANG_WARN_INFINITE_RECURSION = YES;
				CLANG_WARN_INT_CONVERSION = YES;
				CLANG_WARN_NON_LITERAL_NULL_CONVERSION = YES;
				CLANG_WARN_OBJC_IMPLICIT_RETAIN_SELF = YES;
				CLANG_WARN_OBJC_LITERAL_CONVERSION = YES;
				CLANG_WARN_OBJC_ROOT_CLASS = YES_ERROR;
				CLANG_WARN_QUOTED_INCLUDE_IN_FRAMEWORK_HEADER = YES;
				CLANG_WARN_RANGE_LOOP_ANALYSIS = YES;
				CLANG_WARN_STRICT_PROTOTYPES = YES;
				CLANG_WARN_SUSPICIOUS_MOVE = YES;
				CLANG_WARN_UNGUARDED_AVAILABILITY = YES_AGGRESSIVE;
				CLANG_WARN_UNREACHABLE_CODE = YES;
				CLANG_WARN__DUPLICATE_METHOD_MATCH = YES;
				COPY_PHASE_STRIP = NO;
				DEBUG_INFORMATION_FORMAT = dwarf;
				ENABLE_STRICT_OBJC_MSGSEND = YES;
				ENABLE_TESTABILITY = YES;
				GCC_C_LANGUAGE_STANDARD = gnu11;
				GCC_DYNAMIC_NO_PIC = NO;
				GCC_NO_COMMON_BLOCKS = YES;
				GCC_OPTIMIZATION_LEVEL = 0;
				GCC_PREPROCESSOR_DEFINITIONS = (
					"DEBUG=1",
					"$(inherited)",
				);
				GCC_WARN_64_TO_32_BIT_CONVERSION = YES;
				GCC_WARN_ABOUT_RETURN_TYPE = YES_ERROR;
				GCC_WARN_UNDECLARED_SELECTOR = YES;
				GCC_WARN_UNINITIALIZED_AUTOS = YES_AGGRESSIVE;
				GCC_WARN_UNUSED_FUNCTION = YES;
				GCC_WARN_UNUSED_VARIABLE = YES;
				IPHONEOS_DEPLOYMENT_TARGET = 16.2;
				MTL_ENABLE_DEBUG_INFO = INCLUDE_SOURCE;
				MTL_FAST_MATH = YES;
				ONLY_ACTIVE_ARCH = YES;
				SDKROOT = iphoneos;
				SWIFT_ACTIVE_COMPILATION_CONDITIONS = DEBUG;
				SWIFT_OPTIMIZATION_LEVEL = "-Onone";
			};
			name = Debug;
		};
		83B6C32729FE0AD9006F326B /* Release */ = {
			isa = XCBuildConfiguration;
			buildSettings = {
				ALWAYS_SEARCH_USER_PATHS = NO;
				CLANG_ANALYZER_NONNULL = YES;
				CLANG_ANALYZER_NUMBER_OBJECT_CONVERSION = YES_AGGRESSIVE;
				CLANG_CXX_LANGUAGE_STANDARD = "gnu++20";
				CLANG_ENABLE_MODULES = YES;
				CLANG_ENABLE_OBJC_ARC = YES;
				CLANG_ENABLE_OBJC_WEAK = YES;
				CLANG_WARN_BLOCK_CAPTURE_AUTORELEASING = YES;
				CLANG_WARN_BOOL_CONVERSION = YES;
				CLANG_WARN_COMMA = YES;
				CLANG_WARN_CONSTANT_CONVERSION = YES;
				CLANG_WARN_DEPRECATED_OBJC_IMPLEMENTATIONS = YES;
				CLANG_WARN_DIRECT_OBJC_ISA_USAGE = YES_ERROR;
				CLANG_WARN_DOCUMENTATION_COMMENTS = YES;
				CLANG_WARN_EMPTY_BODY = YES;
				CLANG_WARN_ENUM_CONVERSION = YES;
				CLANG_WARN_INFINITE_RECURSION = YES;
				CLANG_WARN_INT_CONVERSION = YES;
				CLANG_WARN_NON_LITERAL_NULL_CONVERSION = YES;
				CLANG_WARN_OBJC_IMPLICIT_RETAIN_SELF = YES;
				CLANG_WARN_OBJC_LITERAL_CONVERSION = YES;
				CLANG_WARN_OBJC_ROOT_CLASS = YES_ERROR;
				CLANG_WARN_QUOTED_INCLUDE_IN_FRAMEWORK_HEADER = YES;
				CLANG_WARN_RANGE_LOOP_ANALYSIS = YES;
				CLANG_WARN_STRICT_PROTOTYPES = YES;
				CLANG_WARN_SUSPICIOUS_MOVE = YES;
				CLANG_WARN_UNGUARDED_AVAILABILITY = YES_AGGRESSIVE;
				CLANG_WARN_UNREACHABLE_CODE = YES;
				CLANG_WARN__DUPLICATE_METHOD_MATCH = YES;
				COPY_PHASE_STRIP = NO;
				DEBUG_INFORMATION_FORMAT = "dwarf-with-dsym";
				ENABLE_NS_ASSERTIONS = NO;
				ENABLE_STRICT_OBJC_MSGSEND = YES;
				GCC_C_LANGUAGE_STANDARD = gnu11;
				GCC_NO_COMMON_BLOCKS = YES;
				GCC_WARN_64_TO_32_BIT_CONVERSION = YES;
				GCC_WARN_ABOUT_RETURN_TYPE = YES_ERROR;
				GCC_WARN_UNDECLARED_SELECTOR = YES;
				GCC_WARN_UNINITIALIZED_AUTOS = YES_AGGRESSIVE;
				GCC_WARN_UNUSED_FUNCTION = YES;
				GCC_WARN_UNUSED_VARIABLE = YES;
				IPHONEOS_DEPLOYMENT_TARGET = 16.2;
				MTL_ENABLE_DEBUG_INFO = NO;
				MTL_FAST_MATH = YES;
				SDKROOT = iphoneos;
				SWIFT_COMPILATION_MODE = wholemodule;
				SWIFT_OPTIMIZATION_LEVEL = "-O";
				VALIDATE_PRODUCT = YES;
			};
			name = Release;
		};
		83B6C32929FE0AD9006F326B /* Debug */ = {
			isa = XCBuildConfiguration;
			buildSettings = {
				ASSETCATALOG_COMPILER_APPICON_NAME = AppIcon;
				ASSETCATALOG_COMPILER_GLOBAL_ACCENT_COLOR_NAME = AccentColor;
				CODE_SIGN_STYLE = Automatic;
				CURRENT_PROJECT_VERSION = 1;
				DEVELOPMENT_ASSET_PATHS = "\"Learna/Preview Content\"";
				DEVELOPMENT_TEAM = M538P8S5RA;
				ENABLE_PREVIEWS = YES;
				GENERATE_INFOPLIST_FILE = YES;
				INFOPLIST_KEY_UIApplicationSceneManifest_Generation = YES;
				INFOPLIST_KEY_UIApplicationSupportsIndirectInputEvents = YES;
				INFOPLIST_KEY_UILaunchScreen_Generation = YES;
				INFOPLIST_KEY_UISupportedInterfaceOrientations_iPad = "UIInterfaceOrientationPortrait UIInterfaceOrientationPortraitUpsideDown UIInterfaceOrientationLandscapeLeft UIInterfaceOrientationLandscapeRight";
				INFOPLIST_KEY_UISupportedInterfaceOrientations_iPhone = "UIInterfaceOrientationPortrait UIInterfaceOrientationLandscapeLeft UIInterfaceOrientationLandscapeRight";
				LD_RUNPATH_SEARCH_PATHS = (
					"$(inherited)",
					"@executable_path/Frameworks",
				);
				MARKETING_VERSION = 1.0;
				PRODUCT_BUNDLE_IDENTIFIER = com.Jessie.Learna;
				PRODUCT_NAME = "$(TARGET_NAME)";
				SWIFT_EMIT_LOC_STRINGS = YES;
				SWIFT_VERSION = 5.0;
				TARGETED_DEVICE_FAMILY = "1,2";
			};
			name = Debug;
		};
		83B6C32A29FE0AD9006F326B /* Release */ = {
			isa = XCBuildConfiguration;
			buildSettings = {
				ASSETCATALOG_COMPILER_APPICON_NAME = AppIcon;
				ASSETCATALOG_COMPILER_GLOBAL_ACCENT_COLOR_NAME = AccentColor;
				CODE_SIGN_STYLE = Automatic;
				CURRENT_PROJECT_VERSION = 1;
				DEVELOPMENT_ASSET_PATHS = "\"Learna/Preview Content\"";
				DEVELOPMENT_TEAM = M538P8S5RA;
				ENABLE_PREVIEWS = YES;
				GENERATE_INFOPLIST_FILE = YES;
				INFOPLIST_KEY_UIApplicationSceneManifest_Generation = YES;
				INFOPLIST_KEY_UIApplicationSupportsIndirectInputEvents = YES;
				INFOPLIST_KEY_UILaunchScreen_Generation = YES;
				INFOPLIST_KEY_UISupportedInterfaceOrientations_iPad = "UIInterfaceOrientationPortrait UIInterfaceOrientationPortraitUpsideDown UIInterfaceOrientationLandscapeLeft UIInterfaceOrientationLandscapeRight";
				INFOPLIST_KEY_UISupportedInterfaceOrientations_iPhone = "UIInterfaceOrientationPortrait UIInterfaceOrientationLandscapeLeft UIInterfaceOrientationLandscapeRight";
				LD_RUNPATH_SEARCH_PATHS = (
					"$(inherited)",
					"@executable_path/Frameworks",
				);
				MARKETING_VERSION = 1.0;
				PRODUCT_BUNDLE_IDENTIFIER = com.Jessie.Learna;
				PRODUCT_NAME = "$(TARGET_NAME)";
				SWIFT_EMIT_LOC_STRINGS = YES;
				SWIFT_VERSION = 5.0;
				TARGETED_DEVICE_FAMILY = "1,2";
			};
			name = Release;
		};
/* End XCBuildConfiguration section */

/* Begin XCConfigurationList section */
		83B6C31529FE0AD7006F326B /* Build configuration list for PBXProject "Learna" */ = {
			isa = XCConfigurationList;
			buildConfigurations = (
				83B6C32629FE0AD9006F326B /* Debug */,
				83B6C32729FE0AD9006F326B /* Release */,
			);
			defaultConfigurationIsVisible = 0;
			defaultConfigurationName = Release;
		};
		83B6C32829FE0AD9006F326B /* Build configuration list for PBXNativeTarget "Learna" */ = {
			isa = XCConfigurationList;
			buildConfigurations = (
				83B6C32929FE0AD9006F326B /* Debug */,
				83B6C32A29FE0AD9006F326B /* Release */,
			);
			defaultConfigurationIsVisible = 0;
			defaultConfigurationName = Release;
		};
/* End XCConfigurationList section */
	};
	rootObject = 83B6C31229FE0AD7006F326B /* Project object */;
}
